// !$*UTF8*$!
{
	archiveVersion = 1;
	classes = {
	};
	objectVersion = 46;
	objects = {

/* Begin PBXBuildFile section */
		062DA9541AE6F3830003CED9 /* AddBusinessViewController.m in Sources */ = {isa = PBXBuildFile; fileRef = 062DA93E1AE6F3830003CED9 /* AddBusinessViewController.m */; };
		062DA9551AE6F3830003CED9 /* AddMachinesViewController.m in Sources */ = {isa = PBXBuildFile; fileRef = 062DA9401AE6F3830003CED9 /* AddMachinesViewController.m */; };
		062DA9561AE6F3830003CED9 /* BusinessesTableViewController.m in Sources */ = {isa = PBXBuildFile; fileRef = 062DA9421AE6F3830003CED9 /* BusinessesTableViewController.m */; };
		062DA9571AE6F3830003CED9 /* EditBusinessViewController.m in Sources */ = {isa = PBXBuildFile; fileRef = 062DA9441AE6F3830003CED9 /* EditBusinessViewController.m */; };
		062DA9581AE6F3830003CED9 /* EditContentViewController.m in Sources */ = {isa = PBXBuildFile; fileRef = 062DA9461AE6F3830003CED9 /* EditContentViewController.m */; };
		062DA9591AE6F3830003CED9 /* EditMachinesViewController.m in Sources */ = {isa = PBXBuildFile; fileRef = 062DA9481AE6F3830003CED9 /* EditMachinesViewController.m */; };
		062DA95B1AE6F3830003CED9 /* MachinesTableViewController.m in Sources */ = {isa = PBXBuildFile; fileRef = 062DA94B1AE6F3830003CED9 /* MachinesTableViewController.m */; };
		062DA95C1AE6F3830003CED9 /* MainMenuViewController.m in Sources */ = {isa = PBXBuildFile; fileRef = 062DA94D1AE6F3830003CED9 /* MainMenuViewController.m */; };
		062DA95D1AE6F3830003CED9 /* MainNavigationViewController.m in Sources */ = {isa = PBXBuildFile; fileRef = 062DA94F1AE6F3830003CED9 /* MainNavigationViewController.m */; };
		062DA95E1AE6F3830003CED9 /* ScanViewController.m in Sources */ = {isa = PBXBuildFile; fileRef = 062DA9511AE6F3830003CED9 /* ScanViewController.m */; };
		062DA95F1AE6F3830003CED9 /* VendingContentTableViewController.m in Sources */ = {isa = PBXBuildFile; fileRef = 062DA9531AE6F3830003CED9 /* VendingContentTableViewController.m */; };
		062DA9761AE6F3D70003CED9 /* Business.m in Sources */ = {isa = PBXBuildFile; fileRef = 062DA9621AE6F3D70003CED9 /* Business.m */; };
		062DA9771AE6F3D70003CED9 /* BusinessDb.m in Sources */ = {isa = PBXBuildFile; fileRef = 062DA9641AE6F3D70003CED9 /* BusinessDb.m */; };
		062DA9791AE6F3D70003CED9 /* Machines.m in Sources */ = {isa = PBXBuildFile; fileRef = 062DA9671AE6F3D70003CED9 /* Machines.m */; };
		062DA97A1AE6F3D70003CED9 /* MachinesDb.m in Sources */ = {isa = PBXBuildFile; fileRef = 062DA9691AE6F3D70003CED9 /* MachinesDb.m */; };
		062DA97B1AE6F3D70003CED9 /* Product.m in Sources */ = {isa = PBXBuildFile; fileRef = 062DA96B1AE6F3D70003CED9 /* Product.m */; };
		062DA97C1AE6F3D70003CED9 /* ProductDb.m in Sources */ = {isa = PBXBuildFile; fileRef = 062DA96D1AE6F3D70003CED9 /* ProductDb.m */; };
		062DA97D1AE6F3D70003CED9 /* sqlDB.m in Sources */ = {isa = PBXBuildFile; fileRef = 062DA96F1AE6F3D70003CED9 /* sqlDB.m */; };
		062DA97E1AE6F3D70003CED9 /* TestData.m in Sources */ = {isa = PBXBuildFile; fileRef = 062DA9711AE6F3D70003CED9 /* TestData.m */; };
		062DA97F1AE6F3D70003CED9 /* VendingContent.m in Sources */ = {isa = PBXBuildFile; fileRef = 062DA9731AE6F3D70003CED9 /* VendingContent.m */; };
		062DA9801AE6F3D70003CED9 /* VendingContentDb.m in Sources */ = {isa = PBXBuildFile; fileRef = 062DA9751AE6F3D70003CED9 /* VendingContentDb.m */; };
		062DA9831AE74DD90003CED9 /* LoginViewController.m in Sources */ = {isa = PBXBuildFile; fileRef = 062DA9821AE74DD90003CED9 /* LoginViewController.m */; };
		1A0007791AE84B6600936386 /* Folder_3.png in Resources */ = {isa = PBXBuildFile; fileRef = 1A0007771AE84B6600936386 /* Folder_3.png */; };
		1A00077A1AE84B6600936386 /* View_QR_code.png in Resources */ = {isa = PBXBuildFile; fileRef = 1A0007781AE84B6600936386 /* View_QR_code.png */; };
		1A00077C1AE8526C00936386 /* folder-search.png in Resources */ = {isa = PBXBuildFile; fileRef = 1A00077B1AE8526C00936386 /* folder-search.png */; };
		1AB231F81ADDC06C0045D319 /* Foundation.framework in Frameworks */ = {isa = PBXBuildFile; fileRef = 1AB231F71ADDC06C0045D319 /* Foundation.framework */; };
		1AB231FA1ADDC06C0045D319 /* CoreGraphics.framework in Frameworks */ = {isa = PBXBuildFile; fileRef = 1AB231F91ADDC06C0045D319 /* CoreGraphics.framework */; };
		1AB231FC1ADDC06C0045D319 /* UIKit.framework in Frameworks */ = {isa = PBXBuildFile; fileRef = 1AB231FB1ADDC06C0045D319 /* UIKit.framework */; };
		1AB232021ADDC06C0045D319 /* InfoPlist.strings in Resources */ = {isa = PBXBuildFile; fileRef = 1AB232001ADDC06C0045D319 /* InfoPlist.strings */; };
		1AB232041ADDC06C0045D319 /* main.m in Sources */ = {isa = PBXBuildFile; fileRef = 1AB232031ADDC06C0045D319 /* main.m */; };
		1AB232081ADDC06C0045D319 /* AppDelegate.m in Sources */ = {isa = PBXBuildFile; fileRef = 1AB232071ADDC06C0045D319 /* AppDelegate.m */; };
		1AB2320B1ADDC06C0045D319 /* Main.storyboard in Resources */ = {isa = PBXBuildFile; fileRef = 1AB232091ADDC06C0045D319 /* Main.storyboard */; };
		1AB232101ADDC06C0045D319 /* Images.xcassets in Resources */ = {isa = PBXBuildFile; fileRef = 1AB2320F1ADDC06C0045D319 /* Images.xcassets */; };
		1AB232171ADDC06C0045D319 /* XCTest.framework in Frameworks */ = {isa = PBXBuildFile; fileRef = 1AB232161ADDC06C0045D319 /* XCTest.framework */; };
		1AB232181ADDC06C0045D319 /* Foundation.framework in Frameworks */ = {isa = PBXBuildFile; fileRef = 1AB231F71ADDC06C0045D319 /* Foundation.framework */; };
		1AB232191ADDC06C0045D319 /* UIKit.framework in Frameworks */ = {isa = PBXBuildFile; fileRef = 1AB231FB1ADDC06C0045D319 /* UIKit.framework */; };
		1AB232211ADDC06C0045D319 /* InfoPlist.strings in Resources */ = {isa = PBXBuildFile; fileRef = 1AB2321F1ADDC06C0045D319 /* InfoPlist.strings */; };
		1AB232231ADDC06C0045D319 /* iVendingTests.m in Sources */ = {isa = PBXBuildFile; fileRef = 1AB232221ADDC06C0045D319 /* iVendingTests.m */; };
		1AB2322D1ADDC0860045D319 /* libsqlite3.dylib in Frameworks */ = {isa = PBXBuildFile; fileRef = 1AB2322C1ADDC0860045D319 /* libsqlite3.dylib */; };
/* End PBXBuildFile section */

/* Begin PBXContainerItemProxy section */
		1AB2321A1ADDC06C0045D319 /* PBXContainerItemProxy */ = {
			isa = PBXContainerItemProxy;
			containerPortal = 1AB231EC1ADDC06B0045D319 /* Project object */;
			proxyType = 1;
			remoteGlobalIDString = 1AB231F31ADDC06C0045D319;
			remoteInfo = iVending;
		};
/* End PBXContainerItemProxy section */

/* Begin PBXFileReference section */
		062DA93D1AE6F3830003CED9 /* AddBusinessViewController.h */ = {isa = PBXFileReference; fileEncoding = 4; lastKnownFileType = sourcecode.c.h; path = AddBusinessViewController.h; sourceTree = "<group>"; };
		062DA93E1AE6F3830003CED9 /* AddBusinessViewController.m */ = {isa = PBXFileReference; fileEncoding = 4; lastKnownFileType = sourcecode.c.objc; path = AddBusinessViewController.m; sourceTree = "<group>"; };
		062DA93F1AE6F3830003CED9 /* AddMachinesViewController.h */ = {isa = PBXFileReference; fileEncoding = 4; lastKnownFileType = sourcecode.c.h; path = AddMachinesViewController.h; sourceTree = "<group>"; };
		062DA9401AE6F3830003CED9 /* AddMachinesViewController.m */ = {isa = PBXFileReference; fileEncoding = 4; lastKnownFileType = sourcecode.c.objc; path = AddMachinesViewController.m; sourceTree = "<group>"; };
		062DA9411AE6F3830003CED9 /* BusinessesTableViewController.h */ = {isa = PBXFileReference; fileEncoding = 4; lastKnownFileType = sourcecode.c.h; path = BusinessesTableViewController.h; sourceTree = "<group>"; };
		062DA9421AE6F3830003CED9 /* BusinessesTableViewController.m */ = {isa = PBXFileReference; fileEncoding = 4; lastKnownFileType = sourcecode.c.objc; path = BusinessesTableViewController.m; sourceTree = "<group>"; };
		062DA9431AE6F3830003CED9 /* EditBusinessViewController.h */ = {isa = PBXFileReference; fileEncoding = 4; lastKnownFileType = sourcecode.c.h; path = EditBusinessViewController.h; sourceTree = "<group>"; };
		062DA9441AE6F3830003CED9 /* EditBusinessViewController.m */ = {isa = PBXFileReference; fileEncoding = 4; lastKnownFileType = sourcecode.c.objc; path = EditBusinessViewController.m; sourceTree = "<group>"; };
		062DA9451AE6F3830003CED9 /* EditContentViewController.h */ = {isa = PBXFileReference; fileEncoding = 4; lastKnownFileType = sourcecode.c.h; path = EditContentViewController.h; sourceTree = "<group>"; };
		062DA9461AE6F3830003CED9 /* EditContentViewController.m */ = {isa = PBXFileReference; fileEncoding = 4; lastKnownFileType = sourcecode.c.objc; path = EditContentViewController.m; sourceTree = "<group>"; };
		062DA9471AE6F3830003CED9 /* EditMachinesViewController.h */ = {isa = PBXFileReference; fileEncoding = 4; lastKnownFileType = sourcecode.c.h; path = EditMachinesViewController.h; sourceTree = "<group>"; };
		062DA9481AE6F3830003CED9 /* EditMachinesViewController.m */ = {isa = PBXFileReference; fileEncoding = 4; lastKnownFileType = sourcecode.c.objc; path = EditMachinesViewController.m; sourceTree = "<group>"; };
		062DA94A1AE6F3830003CED9 /* MachinesTableViewController.h */ = {isa = PBXFileReference; fileEncoding = 4; lastKnownFileType = sourcecode.c.h; path = MachinesTableViewController.h; sourceTree = "<group>"; };
		062DA94B1AE6F3830003CED9 /* MachinesTableViewController.m */ = {isa = PBXFileReference; fileEncoding = 4; lastKnownFileType = sourcecode.c.objc; path = MachinesTableViewController.m; sourceTree = "<group>"; };
		062DA94C1AE6F3830003CED9 /* MainMenuViewController.h */ = {isa = PBXFileReference; fileEncoding = 4; lastKnownFileType = sourcecode.c.h; path = MainMenuViewController.h; sourceTree = "<group>"; };
		062DA94D1AE6F3830003CED9 /* MainMenuViewController.m */ = {isa = PBXFileReference; fileEncoding = 4; lastKnownFileType = sourcecode.c.objc; path = MainMenuViewController.m; sourceTree = "<group>"; };
		062DA94E1AE6F3830003CED9 /* MainNavigationViewController.h */ = {isa = PBXFileReference; fileEncoding = 4; lastKnownFileType = sourcecode.c.h; path = MainNavigationViewController.h; sourceTree = "<group>"; };
		062DA94F1AE6F3830003CED9 /* MainNavigationViewController.m */ = {isa = PBXFileReference; fileEncoding = 4; lastKnownFileType = sourcecode.c.objc; path = MainNavigationViewController.m; sourceTree = "<group>"; };
		062DA9501AE6F3830003CED9 /* ScanViewController.h */ = {isa = PBXFileReference; fileEncoding = 4; lastKnownFileType = sourcecode.c.h; path = ScanViewController.h; sourceTree = "<group>"; };
		062DA9511AE6F3830003CED9 /* ScanViewController.m */ = {isa = PBXFileReference; fileEncoding = 4; lastKnownFileType = sourcecode.c.objc; path = ScanViewController.m; sourceTree = "<group>"; };
		062DA9521AE6F3830003CED9 /* VendingContentTableViewController.h */ = {isa = PBXFileReference; fileEncoding = 4; lastKnownFileType = sourcecode.c.h; path = VendingContentTableViewController.h; sourceTree = "<group>"; };
		062DA9531AE6F3830003CED9 /* VendingContentTableViewController.m */ = {isa = PBXFileReference; fileEncoding = 4; lastKnownFileType = sourcecode.c.objc; path = VendingContentTableViewController.m; sourceTree = "<group>"; };
		062DA9611AE6F3D70003CED9 /* Business.h */ = {isa = PBXFileReference; fileEncoding = 4; lastKnownFileType = sourcecode.c.h; path = Business.h; sourceTree = "<group>"; };
		062DA9621AE6F3D70003CED9 /* Business.m */ = {isa = PBXFileReference; fileEncoding = 4; lastKnownFileType = sourcecode.c.objc; path = Business.m; sourceTree = "<group>"; };
		062DA9631AE6F3D70003CED9 /* BusinessDb.h */ = {isa = PBXFileReference; fileEncoding = 4; lastKnownFileType = sourcecode.c.h; path = BusinessDb.h; sourceTree = "<group>"; };
		062DA9641AE6F3D70003CED9 /* BusinessDb.m */ = {isa = PBXFileReference; fileEncoding = 4; lastKnownFileType = sourcecode.c.objc; path = BusinessDb.m; sourceTree = "<group>"; };
		062DA9661AE6F3D70003CED9 /* Machines.h */ = {isa = PBXFileReference; fileEncoding = 4; lastKnownFileType = sourcecode.c.h; path = Machines.h; sourceTree = "<group>"; };
		062DA9671AE6F3D70003CED9 /* Machines.m */ = {isa = PBXFileReference; fileEncoding = 4; lastKnownFileType = sourcecode.c.objc; path = Machines.m; sourceTree = "<group>"; };
		062DA9681AE6F3D70003CED9 /* MachinesDb.h */ = {isa = PBXFileReference; fileEncoding = 4; lastKnownFileType = sourcecode.c.h; path = MachinesDb.h; sourceTree = "<group>"; };
		062DA9691AE6F3D70003CED9 /* MachinesDb.m */ = {isa = PBXFileReference; fileEncoding = 4; lastKnownFileType = sourcecode.c.objc; path = MachinesDb.m; sourceTree = "<group>"; };
		062DA96A1AE6F3D70003CED9 /* Product.h */ = {isa = PBXFileReference; fileEncoding = 4; lastKnownFileType = sourcecode.c.h; path = Product.h; sourceTree = "<group>"; };
		062DA96B1AE6F3D70003CED9 /* Product.m */ = {isa = PBXFileReference; fileEncoding = 4; lastKnownFileType = sourcecode.c.objc; path = Product.m; sourceTree = "<group>"; };
		062DA96C1AE6F3D70003CED9 /* ProductDb.h */ = {isa = PBXFileReference; fileEncoding = 4; lastKnownFileType = sourcecode.c.h; path = ProductDb.h; sourceTree = "<group>"; };
		062DA96D1AE6F3D70003CED9 /* ProductDb.m */ = {isa = PBXFileReference; fileEncoding = 4; lastKnownFileType = sourcecode.c.objc; path = ProductDb.m; sourceTree = "<group>"; };
		062DA96E1AE6F3D70003CED9 /* sqlDB.h */ = {isa = PBXFileReference; fileEncoding = 4; lastKnownFileType = sourcecode.c.h; path = sqlDB.h; sourceTree = "<group>"; };
		062DA96F1AE6F3D70003CED9 /* sqlDB.m */ = {isa = PBXFileReference; fileEncoding = 4; lastKnownFileType = sourcecode.c.objc; path = sqlDB.m; sourceTree = "<group>"; };
		062DA9701AE6F3D70003CED9 /* TestData.h */ = {isa = PBXFileReference; fileEncoding = 4; lastKnownFileType = sourcecode.c.h; path = TestData.h; sourceTree = "<group>"; };
		062DA9711AE6F3D70003CED9 /* TestData.m */ = {isa = PBXFileReference; fileEncoding = 4; lastKnownFileType = sourcecode.c.objc; path = TestData.m; sourceTree = "<group>"; };
		062DA9721AE6F3D70003CED9 /* VendingContent.h */ = {isa = PBXFileReference; fileEncoding = 4; lastKnownFileType = sourcecode.c.h; path = VendingContent.h; sourceTree = "<group>"; };
		062DA9731AE6F3D70003CED9 /* VendingContent.m */ = {isa = PBXFileReference; fileEncoding = 4; lastKnownFileType = sourcecode.c.objc; path = VendingContent.m; sourceTree = "<group>"; };
		062DA9741AE6F3D70003CED9 /* VendingContentDb.h */ = {isa = PBXFileReference; fileEncoding = 4; lastKnownFileType = sourcecode.c.h; path = VendingContentDb.h; sourceTree = "<group>"; };
		062DA9751AE6F3D70003CED9 /* VendingContentDb.m */ = {isa = PBXFileReference; fileEncoding = 4; lastKnownFileType = sourcecode.c.objc; path = VendingContentDb.m; sourceTree = "<group>"; };
		062DA9811AE74DD90003CED9 /* LoginViewController.h */ = {isa = PBXFileReference; fileEncoding = 4; lastKnownFileType = sourcecode.c.h; path = LoginViewController.h; sourceTree = "<group>"; };
		062DA9821AE74DD90003CED9 /* LoginViewController.m */ = {isa = PBXFileReference; fileEncoding = 4; lastKnownFileType = sourcecode.c.objc; path = LoginViewController.m; sourceTree = "<group>"; };
		1A0007771AE84B6600936386 /* Folder_3.png */ = {isa = PBXFileReference; lastKnownFileType = image.png; path = Folder_3.png; sourceTree = "<group>"; };
		1A0007781AE84B6600936386 /* View_QR_code.png */ = {isa = PBXFileReference; lastKnownFileType = image.png; path = View_QR_code.png; sourceTree = "<group>"; };
		1A00077B1AE8526C00936386 /* folder-search.png */ = {isa = PBXFileReference; lastKnownFileType = image.png; path = "folder-search.png"; sourceTree = "<group>"; };
		1AB231F41ADDC06C0045D319 /* iVending.app */ = {isa = PBXFileReference; explicitFileType = wrapper.application; includeInIndex = 0; path = iVending.app; sourceTree = BUILT_PRODUCTS_DIR; };
		1AB231F71ADDC06C0045D319 /* Foundation.framework */ = {isa = PBXFileReference; lastKnownFileType = wrapper.framework; name = Foundation.framework; path = System/Library/Frameworks/Foundation.framework; sourceTree = SDKROOT; };
		1AB231F91ADDC06C0045D319 /* CoreGraphics.framework */ = {isa = PBXFileReference; lastKnownFileType = wrapper.framework; name = CoreGraphics.framework; path = System/Library/Frameworks/CoreGraphics.framework; sourceTree = SDKROOT; };
		1AB231FB1ADDC06C0045D319 /* UIKit.framework */ = {isa = PBXFileReference; lastKnownFileType = wrapper.framework; name = UIKit.framework; path = System/Library/Frameworks/UIKit.framework; sourceTree = SDKROOT; };
		1AB231FF1ADDC06C0045D319 /* iVending-Info.plist */ = {isa = PBXFileReference; lastKnownFileType = text.plist.xml; path = "iVending-Info.plist"; sourceTree = "<group>"; };
		1AB232011ADDC06C0045D319 /* en */ = {isa = PBXFileReference; lastKnownFileType = text.plist.strings; name = en; path = en.lproj/InfoPlist.strings; sourceTree = "<group>"; };
		1AB232031ADDC06C0045D319 /* main.m */ = {isa = PBXFileReference; lastKnownFileType = sourcecode.c.objc; path = main.m; sourceTree = "<group>"; };
		1AB232051ADDC06C0045D319 /* iVending-Prefix.pch */ = {isa = PBXFileReference; lastKnownFileType = sourcecode.c.h; path = "iVending-Prefix.pch"; sourceTree = "<group>"; };
		1AB232061ADDC06C0045D319 /* AppDelegate.h */ = {isa = PBXFileReference; lastKnownFileType = sourcecode.c.h; path = AppDelegate.h; sourceTree = "<group>"; };
		1AB232071ADDC06C0045D319 /* AppDelegate.m */ = {isa = PBXFileReference; lastKnownFileType = sourcecode.c.objc; path = AppDelegate.m; sourceTree = "<group>"; };
		1AB2320A1ADDC06C0045D319 /* Base */ = {isa = PBXFileReference; lastKnownFileType = file.storyboard; name = Base; path = Base.lproj/Main.storyboard; sourceTree = "<group>"; };
		1AB2320F1ADDC06C0045D319 /* Images.xcassets */ = {isa = PBXFileReference; lastKnownFileType = folder.assetcatalog; path = Images.xcassets; sourceTree = "<group>"; };
		1AB232151ADDC06C0045D319 /* iVendingTests.xctest */ = {isa = PBXFileReference; explicitFileType = wrapper.cfbundle; includeInIndex = 0; path = iVendingTests.xctest; sourceTree = BUILT_PRODUCTS_DIR; };
		1AB232161ADDC06C0045D319 /* XCTest.framework */ = {isa = PBXFileReference; lastKnownFileType = wrapper.framework; name = XCTest.framework; path = Library/Frameworks/XCTest.framework; sourceTree = DEVELOPER_DIR; };
		1AB2321E1ADDC06C0045D319 /* iVendingTests-Info.plist */ = {isa = PBXFileReference; lastKnownFileType = text.plist.xml; path = "iVendingTests-Info.plist"; sourceTree = "<group>"; };
		1AB232201ADDC06C0045D319 /* en */ = {isa = PBXFileReference; lastKnownFileType = text.plist.strings; name = en; path = en.lproj/InfoPlist.strings; sourceTree = "<group>"; };
		1AB232221ADDC06C0045D319 /* iVendingTests.m */ = {isa = PBXFileReference; lastKnownFileType = sourcecode.c.objc; path = iVendingTests.m; sourceTree = "<group>"; };
		1AB2322C1ADDC0860045D319 /* libsqlite3.dylib */ = {isa = PBXFileReference; lastKnownFileType = "compiled.mach-o.dylib"; name = libsqlite3.dylib; path = usr/lib/libsqlite3.dylib; sourceTree = SDKROOT; };
/* End PBXFileReference section */

/* Begin PBXFrameworksBuildPhase section */
		1AB231F11ADDC06C0045D319 /* Frameworks */ = {
			isa = PBXFrameworksBuildPhase;
			buildActionMask = 2147483647;
			files = (
				1AB2322D1ADDC0860045D319 /* libsqlite3.dylib in Frameworks */,
				1AB231FA1ADDC06C0045D319 /* CoreGraphics.framework in Frameworks */,
				1AB231FC1ADDC06C0045D319 /* UIKit.framework in Frameworks */,
				1AB231F81ADDC06C0045D319 /* Foundation.framework in Frameworks */,
			);
			runOnlyForDeploymentPostprocessing = 0;
		};
		1AB232121ADDC06C0045D319 /* Frameworks */ = {
			isa = PBXFrameworksBuildPhase;
			buildActionMask = 2147483647;
			files = (
				1AB232171ADDC06C0045D319 /* XCTest.framework in Frameworks */,
				1AB232191ADDC06C0045D319 /* UIKit.framework in Frameworks */,
				1AB232181ADDC06C0045D319 /* Foundation.framework in Frameworks */,
			);
			runOnlyForDeploymentPostprocessing = 0;
		};
/* End PBXFrameworksBuildPhase section */

/* Begin PBXGroup section */
		062DA93C1AE6F3830003CED9 /* Controllers */ = {
			isa = PBXGroup;
			children = (
				062DA9411AE6F3830003CED9 /* BusinessesTableViewController.h */,
				062DA9421AE6F3830003CED9 /* BusinessesTableViewController.m */,
				062DA93D1AE6F3830003CED9 /* AddBusinessViewController.h */,
				062DA93E1AE6F3830003CED9 /* AddBusinessViewController.m */,
				062DA9431AE6F3830003CED9 /* EditBusinessViewController.h */,
				062DA9441AE6F3830003CED9 /* EditBusinessViewController.m */,
				062DA94A1AE6F3830003CED9 /* MachinesTableViewController.h */,
				062DA94B1AE6F3830003CED9 /* MachinesTableViewController.m */,
				062DA93F1AE6F3830003CED9 /* AddMachinesViewController.h */,
				062DA9401AE6F3830003CED9 /* AddMachinesViewController.m */,
				062DA9471AE6F3830003CED9 /* EditMachinesViewController.h */,
				062DA9481AE6F3830003CED9 /* EditMachinesViewController.m */,
				062DA9521AE6F3830003CED9 /* VendingContentTableViewController.h */,
				062DA9531AE6F3830003CED9 /* VendingContentTableViewController.m */,
				062DA9451AE6F3830003CED9 /* EditContentViewController.h */,
				062DA9461AE6F3830003CED9 /* EditContentViewController.m */,
				062DA94C1AE6F3830003CED9 /* MainMenuViewController.h */,
				062DA94D1AE6F3830003CED9 /* MainMenuViewController.m */,
				062DA94E1AE6F3830003CED9 /* MainNavigationViewController.h */,
				062DA94F1AE6F3830003CED9 /* MainNavigationViewController.m */,
				062DA9501AE6F3830003CED9 /* ScanViewController.h */,
				062DA9511AE6F3830003CED9 /* ScanViewController.m */,
				062DA9811AE74DD90003CED9 /* LoginViewController.h */,
				062DA9821AE74DD90003CED9 /* LoginViewController.m */,
			);
			path = Controllers;
			sourceTree = "<group>";
		};
		062DA9601AE6F3D70003CED9 /* Classes */ = {
			isa = PBXGroup;
			children = (
				062DA96E1AE6F3D70003CED9 /* sqlDB.h */,
				062DA96F1AE6F3D70003CED9 /* sqlDB.m */,
				062DA9611AE6F3D70003CED9 /* Business.h */,
				062DA9621AE6F3D70003CED9 /* Business.m */,
				062DA9631AE6F3D70003CED9 /* BusinessDb.h */,
				062DA9641AE6F3D70003CED9 /* BusinessDb.m */,
				062DA9661AE6F3D70003CED9 /* Machines.h */,
				062DA9671AE6F3D70003CED9 /* Machines.m */,
				062DA9681AE6F3D70003CED9 /* MachinesDb.h */,
				062DA9691AE6F3D70003CED9 /* MachinesDb.m */,
				062DA96A1AE6F3D70003CED9 /* Product.h */,
				062DA96B1AE6F3D70003CED9 /* Product.m */,
				062DA96C1AE6F3D70003CED9 /* ProductDb.h */,
				062DA96D1AE6F3D70003CED9 /* ProductDb.m */,
				062DA9721AE6F3D70003CED9 /* VendingContent.h */,
				062DA9731AE6F3D70003CED9 /* VendingContent.m */,
				062DA9741AE6F3D70003CED9 /* VendingContentDb.h */,
				062DA9751AE6F3D70003CED9 /* VendingContentDb.m */,
				062DA9701AE6F3D70003CED9 /* TestData.h */,
				062DA9711AE6F3D70003CED9 /* TestData.m */,
			);
			path = Classes;
			sourceTree = "<group>";
		};
		1A0007761AE84B4F00936386 /* Images */ = {
			isa = PBXGroup;
			children = (
				1A00077B1AE8526C00936386 /* folder-search.png */,
				1A0007771AE84B6600936386 /* Folder_3.png */,
				1A0007781AE84B6600936386 /* View_QR_code.png */,
			);
			path = Images;
			sourceTree = "<group>";
		};
		1AB231EB1ADDC06B0045D319 = {
			isa = PBXGroup;
			children = (
				1AB231FD1ADDC06C0045D319 /* iVending */,
				1AB2321C1ADDC06C0045D319 /* iVendingTests */,
				1AB231F61ADDC06C0045D319 /* Frameworks */,
				1AB231F51ADDC06C0045D319 /* Products */,
			);
			sourceTree = "<group>";
		};
		1AB231F51ADDC06C0045D319 /* Products */ = {
			isa = PBXGroup;
			children = (
				1AB231F41ADDC06C0045D319 /* iVending.app */,
				1AB232151ADDC06C0045D319 /* iVendingTests.xctest */,
			);
			name = Products;
			sourceTree = "<group>";
		};
		1AB231F61ADDC06C0045D319 /* Frameworks */ = {
			isa = PBXGroup;
			children = (
				1AB2322C1ADDC0860045D319 /* libsqlite3.dylib */,
				1AB231F71ADDC06C0045D319 /* Foundation.framework */,
				1AB231F91ADDC06C0045D319 /* CoreGraphics.framework */,
				1AB231FB1ADDC06C0045D319 /* UIKit.framework */,
				1AB232161ADDC06C0045D319 /* XCTest.framework */,
			);
			name = Frameworks;
			sourceTree = "<group>";
		};
		1AB231FD1ADDC06C0045D319 /* iVending */ = {
			isa = PBXGroup;
			children = (
				1A0007761AE84B4F00936386 /* Images */,
				062DA9601AE6F3D70003CED9 /* Classes */,
				062DA93C1AE6F3830003CED9 /* Controllers */,
				1AB232061ADDC06C0045D319 /* AppDelegate.h */,
				1AB232071ADDC06C0045D319 /* AppDelegate.m */,
				1AB232091ADDC06C0045D319 /* Main.storyboard */,
				1AB2320F1ADDC06C0045D319 /* Images.xcassets */,
				1AB231FE1ADDC06C0045D319 /* Supporting Files */,
			);
			path = iVending;
			sourceTree = "<group>";
		};
		1AB231FE1ADDC06C0045D319 /* Supporting Files */ = {
			isa = PBXGroup;
			children = (
				1AB231FF1ADDC06C0045D319 /* iVending-Info.plist */,
				1AB232001ADDC06C0045D319 /* InfoPlist.strings */,
				1AB232031ADDC06C0045D319 /* main.m */,
				1AB232051ADDC06C0045D319 /* iVending-Prefix.pch */,
			);
			name = "Supporting Files";
			sourceTree = "<group>";
		};
		1AB2321C1ADDC06C0045D319 /* iVendingTests */ = {
			isa = PBXGroup;
			children = (
				1AB232221ADDC06C0045D319 /* iVendingTests.m */,
				1AB2321D1ADDC06C0045D319 /* Supporting Files */,
			);
			path = iVendingTests;
			sourceTree = "<group>";
		};
		1AB2321D1ADDC06C0045D319 /* Supporting Files */ = {
			isa = PBXGroup;
			children = (
				1AB2321E1ADDC06C0045D319 /* iVendingTests-Info.plist */,
				1AB2321F1ADDC06C0045D319 /* InfoPlist.strings */,
			);
			name = "Supporting Files";
			sourceTree = "<group>";
		};
/* End PBXGroup section */

/* Begin PBXNativeTarget section */
		1AB231F31ADDC06C0045D319 /* iVending */ = {
			isa = PBXNativeTarget;
			buildConfigurationList = 1AB232261ADDC06C0045D319 /* Build configuration list for PBXNativeTarget "iVending" */;
			buildPhases = (
				1AB231F01ADDC06C0045D319 /* Sources */,
				1AB231F11ADDC06C0045D319 /* Frameworks */,
				1AB231F21ADDC06C0045D319 /* Resources */,
			);
			buildRules = (
			);
			dependencies = (
			);
			name = iVending;
			productName = iVending;
			productReference = 1AB231F41ADDC06C0045D319 /* iVending.app */;
			productType = "com.apple.product-type.application";
		};
		1AB232141ADDC06C0045D319 /* iVendingTests */ = {
			isa = PBXNativeTarget;
			buildConfigurationList = 1AB232291ADDC06C0045D319 /* Build configuration list for PBXNativeTarget "iVendingTests" */;
			buildPhases = (
				1AB232111ADDC06C0045D319 /* Sources */,
				1AB232121ADDC06C0045D319 /* Frameworks */,
				1AB232131ADDC06C0045D319 /* Resources */,
			);
			buildRules = (
			);
			dependencies = (
				1AB2321B1ADDC06C0045D319 /* PBXTargetDependency */,
			);
			name = iVendingTests;
			productName = iVendingTests;
			productReference = 1AB232151ADDC06C0045D319 /* iVendingTests.xctest */;
			productType = "com.apple.product-type.bundle.unit-test";
		};
/* End PBXNativeTarget section */

/* Begin PBXProject section */
		1AB231EC1ADDC06B0045D319 /* Project object */ = {
			isa = PBXProject;
			attributes = {
				LastUpgradeCheck = 0510;
				ORGANIZATIONNAME = student;
				TargetAttributes = {
					1AB232141ADDC06C0045D319 = {
						TestTargetID = 1AB231F31ADDC06C0045D319;
					};
				};
			};
			buildConfigurationList = 1AB231EF1ADDC06B0045D319 /* Build configuration list for PBXProject "iVending" */;
			compatibilityVersion = "Xcode 3.2";
			developmentRegion = English;
			hasScannedForEncodings = 0;
			knownRegions = (
				en,
				Base,
			);
			mainGroup = 1AB231EB1ADDC06B0045D319;
			productRefGroup = 1AB231F51ADDC06C0045D319 /* Products */;
			projectDirPath = "";
			projectRoot = "";
			targets = (
				1AB231F31ADDC06C0045D319 /* iVending */,
				1AB232141ADDC06C0045D319 /* iVendingTests */,
			);
		};
/* End PBXProject section */

/* Begin PBXResourcesBuildPhase section */
		1AB231F21ADDC06C0045D319 /* Resources */ = {
			isa = PBXResourcesBuildPhase;
			buildActionMask = 2147483647;
			files = (
				1A00077A1AE84B6600936386 /* View_QR_code.png in Resources */,
				1A00077C1AE8526C00936386 /* folder-search.png in Resources */,
				1AB232101ADDC06C0045D319 /* Images.xcassets in Resources */,
				1A0007791AE84B6600936386 /* Folder_3.png in Resources */,
				1AB232021ADDC06C0045D319 /* InfoPlist.strings in Resources */,
				1AB2320B1ADDC06C0045D319 /* Main.storyboard in Resources */,
			);
			runOnlyForDeploymentPostprocessing = 0;
		};
		1AB232131ADDC06C0045D319 /* Resources */ = {
			isa = PBXResourcesBuildPhase;
			buildActionMask = 2147483647;
			files = (
				1AB232211ADDC06C0045D319 /* InfoPlist.strings in Resources */,
			);
			runOnlyForDeploymentPostprocessing = 0;
		};
/* End PBXResourcesBuildPhase section */

/* Begin PBXSourcesBuildPhase section */
		1AB231F01ADDC06C0045D319 /* Sources */ = {
			isa = PBXSourcesBuildPhase;
			buildActionMask = 2147483647;
			files = (
				062DA95D1AE6F3830003CED9 /* MainNavigationViewController.m in Sources */,
				062DA9581AE6F3830003CED9 /* EditContentViewController.m in Sources */,
				1AB232081ADDC06C0045D319 /* AppDelegate.m in Sources */,
				062DA97B1AE6F3D70003CED9 /* Product.m in Sources */,
				062DA9761AE6F3D70003CED9 /* Business.m in Sources */,
				1AB232041ADDC06C0045D319 /* main.m in Sources */,
				062DA9801AE6F3D70003CED9 /* VendingContentDb.m in Sources */,
				062DA9551AE6F3830003CED9 /* AddMachinesViewController.m in Sources */,
				062DA9831AE74DD90003CED9 /* LoginViewController.m in Sources */,
				062DA97F1AE6F3D70003CED9 /* VendingContent.m in Sources */,
				062DA95C1AE6F3830003CED9 /* MainMenuViewController.m in Sources */,
				062DA9591AE6F3830003CED9 /* EditMachinesViewController.m in Sources */,
				062DA97C1AE6F3D70003CED9 /* ProductDb.m in Sources */,
				062DA95E1AE6F3830003CED9 /* ScanViewController.m in Sources */,
				062DA9541AE6F3830003CED9 /* AddBusinessViewController.m in Sources */,
				062DA97D1AE6F3D70003CED9 /* sqlDB.m in Sources */,
				062DA97E1AE6F3D70003CED9 /* TestData.m in Sources */,
				062DA95F1AE6F3830003CED9 /* VendingContentTableViewController.m in Sources */,
				062DA9571AE6F3830003CED9 /* EditBusinessViewController.m in Sources */,
				062DA9771AE6F3D70003CED9 /* BusinessDb.m in Sources */,
				062DA9791AE6F3D70003CED9 /* Machines.m in Sources */,
				062DA9561AE6F3830003CED9 /* BusinessesTableViewController.m in Sources */,
				062DA95B1AE6F3830003CED9 /* MachinesTableViewController.m in Sources */,
				062DA97A1AE6F3D70003CED9 /* MachinesDb.m in Sources */,
			);
			runOnlyForDeploymentPostprocessing = 0;
		};
		1AB232111ADDC06C0045D319 /* Sources */ = {
			isa = PBXSourcesBuildPhase;
			buildActionMask = 2147483647;
			files = (
				1AB232231ADDC06C0045D319 /* iVendingTests.m in Sources */,
			);
			runOnlyForDeploymentPostprocessing = 0;
		};
/* End PBXSourcesBuildPhase section */

/* Begin PBXTargetDependency section */
		1AB2321B1ADDC06C0045D319 /* PBXTargetDependency */ = {
			isa = PBXTargetDependency;
			target = 1AB231F31ADDC06C0045D319 /* iVending */;
			targetProxy = 1AB2321A1ADDC06C0045D319 /* PBXContainerItemProxy */;
		};
/* End PBXTargetDependency section */

/* Begin PBXVariantGroup section */
		1AB232001ADDC06C0045D319 /* InfoPlist.strings */ = {
			isa = PBXVariantGroup;
			children = (
				1AB232011ADDC06C0045D319 /* en */,
			);
			name = InfoPlist.strings;
			sourceTree = "<group>";
		};
		1AB232091ADDC06C0045D319 /* Main.storyboard */ = {
			isa = PBXVariantGroup;
			children = (
				1AB2320A1ADDC06C0045D319 /* Base */,
			);
			name = Main.storyboard;
			sourceTree = "<group>";
		};
		1AB2321F1ADDC06C0045D319 /* InfoPlist.strings */ = {
			isa = PBXVariantGroup;
			children = (
				1AB232201ADDC06C0045D319 /* en */,
			);
			name = InfoPlist.strings;
			sourceTree = "<group>";
		};
/* End PBXVariantGroup section */

/* Begin XCBuildConfiguration section */
		1AB232241ADDC06C0045D319 /* Debug */ = {
			isa = XCBuildConfiguration;
			buildSettings = {
				ALWAYS_SEARCH_USER_PATHS = NO;
				CLANG_CXX_LANGUAGE_STANDARD = "gnu++0x";
				CLANG_CXX_LIBRARY = "libc++";
				CLANG_ENABLE_MODULES = YES;
				CLANG_ENABLE_OBJC_ARC = YES;
				CLANG_WARN_BOOL_CONVERSION = YES;
				CLANG_WARN_CONSTANT_CONVERSION = YES;
				CLANG_WARN_DIRECT_OBJC_ISA_USAGE = YES_ERROR;
				CLANG_WARN_EMPTY_BODY = YES;
				CLANG_WARN_ENUM_CONVERSION = YES;
				CLANG_WARN_INT_CONVERSION = YES;
				CLANG_WARN_OBJC_ROOT_CLASS = YES_ERROR;
				CLANG_WARN__DUPLICATE_METHOD_MATCH = YES;
				"CODE_SIGN_IDENTITY[sdk=iphoneos*]" = "iPhone Developer";
				COPY_PHASE_STRIP = NO;
				GCC_C_LANGUAGE_STANDARD = gnu99;
				GCC_DYNAMIC_NO_PIC = NO;
				GCC_OPTIMIZATION_LEVEL = 0;
				GCC_PREPROCESSOR_DEFINITIONS = (
					"DEBUG=1",
					"$(inherited)",
				);
				GCC_SYMBOLS_PRIVATE_EXTERN = NO;
				GCC_WARN_64_TO_32_BIT_CONVERSION = YES;
				GCC_WARN_ABOUT_RETURN_TYPE = YES_ERROR;
				GCC_WARN_UNDECLARED_SELECTOR = YES;
				GCC_WARN_UNINITIALIZED_AUTOS = YES_AGGRESSIVE;
				GCC_WARN_UNUSED_FUNCTION = YES;
				GCC_WARN_UNUSED_VARIABLE = YES;
				IPHONEOS_DEPLOYMENT_TARGET = 7.1;
				ONLY_ACTIVE_ARCH = YES;
				SDKROOT = iphoneos;
				TARGETED_DEVICE_FAMILY = 2;
			};
			name = Debug;
		};
		1AB232251ADDC06C0045D319 /* Release */ = {
			isa = XCBuildConfiguration;
			buildSettings = {
				ALWAYS_SEARCH_USER_PATHS = NO;
				CLANG_CXX_LANGUAGE_STANDARD = "gnu++0x";
				CLANG_CXX_LIBRARY = "libc++";
				CLANG_ENABLE_MODULES = YES;
				CLANG_ENABLE_OBJC_ARC = YES;
				CLANG_WARN_BOOL_CONVERSION = YES;
				CLANG_WARN_CONSTANT_CONVERSION = YES;
				CLANG_WARN_DIRECT_OBJC_ISA_USAGE = YES_ERROR;
				CLANG_WARN_EMPTY_BODY = YES;
				CLANG_WARN_ENUM_CONVERSION = YES;
				CLANG_WARN_INT_CONVERSION = YES;
				CLANG_WARN_OBJC_ROOT_CLASS = YES_ERROR;
				CLANG_WARN__DUPLICATE_METHOD_MATCH = YES;
				"CODE_SIGN_IDENTITY[sdk=iphoneos*]" = "iPhone Developer";
				COPY_PHASE_STRIP = YES;
				ENABLE_NS_ASSERTIONS = NO;
				GCC_C_LANGUAGE_STANDARD = gnu99;
				GCC_WARN_64_TO_32_BIT_CONVERSION = YES;
				GCC_WARN_ABOUT_RETURN_TYPE = YES_ERROR;
				GCC_WARN_UNDECLARED_SELECTOR = YES;
				GCC_WARN_UNINITIALIZED_AUTOS = YES_AGGRESSIVE;
				GCC_WARN_UNUSED_FUNCTION = YES;
				GCC_WARN_UNUSED_VARIABLE = YES;
				IPHONEOS_DEPLOYMENT_TARGET = 7.1;
				SDKROOT = iphoneos;
				TARGETED_DEVICE_FAMILY = 2;
				VALIDATE_PRODUCT = YES;
			};
			name = Release;
		};
		1AB232271ADDC06C0045D319 /* Debug */ = {
			isa = XCBuildConfiguration;
			buildSettings = {
				ASSETCATALOG_COMPILER_APPICON_NAME = AppIcon;
				ASSETCATALOG_COMPILER_LAUNCHIMAGE_NAME = LaunchImage;
				GCC_PRECOMPILE_PREFIX_HEADER = YES;
				GCC_PREFIX_HEADER = "iVending/iVending-Prefix.pch";
				INFOPLIST_FILE = "iVending/iVending-Info.plist";
				PRODUCT_NAME = "$(TARGET_NAME)";
				WRAPPER_EXTENSION = app;
			};
			name = Debug;
		};
		1AB232281ADDC06C0045D319 /* Release */ = {
			isa = XCBuildConfiguration;
			buildSettings = {
				ASSETCATALOG_COMPILER_APPICON_NAME = AppIcon;
				ASSETCATALOG_COMPILER_LAUNCHIMAGE_NAME = LaunchImage;
				GCC_PRECOMPILE_PREFIX_HEADER = YES;
				GCC_PREFIX_HEADER = "iVending/iVending-Prefix.pch";
				INFOPLIST_FILE = "iVending/iVending-Info.plist";
				PRODUCT_NAME = "$(TARGET_NAME)";
				WRAPPER_EXTENSION = app;
			};
			name = Release;
		};
		1AB2322A1ADDC06C0045D319 /* Debug */ = {
			isa = XCBuildConfiguration;
			buildSettings = {
				BUNDLE_LOADER = "$(BUILT_PRODUCTS_DIR)/iVending.app/iVending";
				FRAMEWORK_SEARCH_PATHS = (
					"$(SDKROOT)/Developer/Library/Frameworks",
					"$(inherited)",
					"$(DEVELOPER_FRAMEWORKS_DIR)",
				);
				GCC_PRECOMPILE_PREFIX_HEADER = YES;
				GCC_PREFIX_HEADER = "iVending/iVending-Prefix.pch";
				GCC_PREPROCESSOR_DEFINITIONS = (
					"DEBUG=1",
					"$(inherited)",
				);
				INFOPLIST_FILE = "iVendingTests/iVendingTests-Info.plist";
				PRODUCT_NAME = "$(TARGET_NAME)";
				TEST_HOST = "$(BUNDLE_LOADER)";
				WRAPPER_EXTENSION = xctest;
			};
			name = Debug;
		};
		1AB2322B1ADDC06C0045D319 /* Release */ = {
			isa = XCBuildConfiguration;
			buildSettings = {
				BUNDLE_LOADER = "$(BUILT_PRODUCTS_DIR)/iVending.app/iVending";
				FRAMEWORK_SEARCH_PATHS = (
					"$(SDKROOT)/Developer/Library/Frameworks",
					"$(inherited)",
					"$(DEVELOPER_FRAMEWORKS_DIR)",
				);
				GCC_PRECOMPILE_PREFIX_HEADER = YES;
				GCC_PREFIX_HEADER = "iVending/iVending-Prefix.pch";
				INFOPLIST_FILE = "iVendingTests/iVendingTests-Info.plist";
				PRODUCT_NAME = "$(TARGET_NAME)";
				TEST_HOST = "$(BUNDLE_LOADER)";
				WRAPPER_EXTENSION = xctest;
			};
			name = Release;
		};
/* End XCBuildConfiguration section */

/* Begin XCConfigurationList section */
		1AB231EF1ADDC06B0045D319 /* Build configuration list for PBXProject "iVending" */ = {
			isa = XCConfigurationList;
			buildConfigurations = (
				1AB232241ADDC06C0045D319 /* Debug */,
				1AB232251ADDC06C0045D319 /* Release */,
			);
			defaultConfigurationIsVisible = 0;
			defaultConfigurationName = Release;
		};
		1AB232261ADDC06C0045D319 /* Build configuration list for PBXNativeTarget "iVending" */ = {
			isa = XCConfigurationList;
			buildConfigurations = (
				1AB232271ADDC06C0045D319 /* Debug */,
				1AB232281ADDC06C0045D319 /* Release */,
			);
			defaultConfigurationIsVisible = 0;
			defaultConfigurationName = Release;
		};
		1AB232291ADDC06C0045D319 /* Build configuration list for PBXNativeTarget "iVendingTests" */ = {
			isa = XCConfigurationList;
			buildConfigurations = (
				1AB2322A1ADDC06C0045D319 /* Debug */,
				1AB2322B1ADDC06C0045D319 /* Release */,
			);
			defaultConfigurationIsVisible = 0;
			defaultConfigurationName = Release;
		};
/* End XCConfigurationList section */
	};
	rootObject = 1AB231EC1ADDC06B0045D319 /* Project object */;
}
